{
    "_readme": [
        "This file locks the dependencies of your project to a known state",
        "Read more about it at https://getcomposer.org/doc/01-basic-usage.md#composer-lock-the-lock-file",
        "This file is @generated automatically"
    ],
    "hash": "65b5b66a92c3912178b033c798c51015",
    "content-hash": "45a6546fde9a76fc0a6af8a0dd35ef02",
    "packages": [
        {
            "name": "innmind/event-bus",
            "version": "1.0.0",
            "source": {
                "type": "git",
                "url": "https://github.com/Innmind/EventBus.git",
                "reference": "91d471f0219db0015a2bbd2449e350ab597b03ea"
            },
            "dist": {
                "type": "zip",
                "url": "https://api.github.com/repos/Innmind/EventBus/zipball/91d471f0219db0015a2bbd2449e350ab597b03ea",
                "reference": "91d471f0219db0015a2bbd2449e350ab597b03ea",
                "shasum": ""
            },
            "require": {
                "innmind/immutable": "^1.8",
                "php": ">=7.0"
            },
            "type": "library",
            "autoload": {
                "psr-4": {
                    "Innmind\\EventBus\\": "src/",
                    "Tests\\Innmind\\EventBus\\": "src/"
                }
            },
            "notification-url": "https://packagist.org/downloads/",
            "license": [
                "MIT"
            ],
            "authors": [
                {
                    "name": "Baptiste Langlade",
                    "email": "langlade.baptiste@gmail.com"
                }
            ],
            "description": "Event dispatcher library",
            "homepage": "http://github.com/Innmind/EventBus",
            "keywords": [
                "dispatcher",
                "event"
            ],
            "time": "2016-06-18 14:20:24"
        },
        {
            "name": "innmind/filesystem",
            "version": "1.2.0",
            "target-dir": "Innmind/Filesystem",
            "source": {
                "type": "git",
                "url": "https://github.com/Innmind/Filesystem.git",
                "reference": "7b69bf87e5b05647e2ed17377f093b3a83b0fc6c"
            },
            "dist": {
                "type": "zip",
                "url": "https://api.github.com/repos/Innmind/Filesystem/zipball/7b69bf87e5b05647e2ed17377f093b3a83b0fc6c",
                "reference": "7b69bf87e5b05647e2ed17377f093b3a83b0fc6c",
                "shasum": ""
            },
            "require": {
                "innmind/event-bus": "^1.0",
                "innmind/immutable": "^1.5",
                "php": ">=7.0",
                "symfony/filesystem": "^3.0"
            },
            "type": "library",
            "autoload": {
                "psr-0": {
                    "Innmind\\Filesystem": ""
                }
            },
            "notification-url": "https://packagist.org/downloads/",
            "license": [
                "MIT"
            ],
            "authors": [
                {
                    "name": "Baptiste Langlade",
                    "email": "langlade.baptiste@gmail.com"
                }
            ],
            "description": "Filesystem abstraction layer",
            "homepage": "http://github.com/Innmind/filesystem",
            "keywords": [
                "filesystem"
            ],
            "time": "2016-06-18 15:51:57"
        },
        {
            "name": "innmind/immutable",
            "version": "1.9.0",
            "target-dir": "Innmind/Immutable",
            "source": {
                "type": "git",
                "url": "https://github.com/Innmind/Immutable.git",
                "reference": "023ec3e2ffaa16a6966588b25e1dd7de5679778f"
            },
            "dist": {
                "type": "zip",
                "url": "https://api.github.com/repos/Innmind/Immutable/zipball/023ec3e2ffaa16a6966588b25e1dd7de5679778f",
                "reference": "023ec3e2ffaa16a6966588b25e1dd7de5679778f",
                "shasum": ""
            },
            "require": {
                "php": "~7.0"
            },
            "type": "library",
            "autoload": {
                "psr-0": {
                    "Innmind\\Immutable": ""
                }
            },
            "notification-url": "https://packagist.org/downloads/",
            "license": [
                "MIT"
            ],
            "authors": [
                {
                    "name": "Baptiste Langlade",
                    "email": "langlade.baptiste@gmail.com"
                }
            ],
            "description": "Immutable PHP primitive wrappers",
            "homepage": "http://github.com/Innmind/Immutable",
            "keywords": [
                "immutable",
                "wrapper"
            ],
            "time": "2016-07-15 12:23:56"
        },
        {
            "name": "symfony/console",
            "version": "v3.1.2",
            "source": {
                "type": "git",
                "url": "https://github.com/symfony/console.git",
                "reference": "747154aa69b0f83cd02fc9aa554836dee417631a"
            },
            "dist": {
                "type": "zip",
                "url": "https://api.github.com/repos/symfony/console/zipball/747154aa69b0f83cd02fc9aa554836dee417631a",
                "reference": "747154aa69b0f83cd02fc9aa554836dee417631a",
                "shasum": ""
            },
            "require": {
                "php": ">=5.5.9",
                "symfony/polyfill-mbstring": "~1.0"
            },
            "require-dev": {
                "psr/log": "~1.0",
                "symfony/event-dispatcher": "~2.8|~3.0",
                "symfony/process": "~2.8|~3.0"
            },
            "suggest": {
                "psr/log": "For using the console logger",
                "symfony/event-dispatcher": "",
                "symfony/process": ""
            },
            "type": "library",
            "extra": {
                "branch-alias": {
                    "dev-master": "3.1-dev"
                }
            },
            "autoload": {
                "psr-4": {
                    "Symfony\\Component\\Console\\": ""
                },
                "exclude-from-classmap": [
                    "/Tests/"
                ]
            },
            "notification-url": "https://packagist.org/downloads/",
            "license": [
                "MIT"
            ],
            "authors": [
                {
                    "name": "Fabien Potencier",
                    "email": "fabien@symfony.com"
                },
                {
                    "name": "Symfony Community",
                    "homepage": "https://symfony.com/contributors"
                }
            ],
            "description": "Symfony Console Component",
            "homepage": "https://symfony.com",
            "time": "2016-06-29 07:02:31"
        },
        {
            "name": "symfony/filesystem",
            "version": "v3.1.2",
            "source": {
                "type": "git",
                "url": "https://github.com/symfony/filesystem.git",
                "reference": "322da5f0910d8aa0b25fa65ffccaba68dbddb890"
            },
            "dist": {
                "type": "zip",
                "url": "https://api.github.com/repos/symfony/filesystem/zipball/322da5f0910d8aa0b25fa65ffccaba68dbddb890",
                "reference": "322da5f0910d8aa0b25fa65ffccaba68dbddb890",
                "shasum": ""
            },
            "require": {
                "php": ">=5.5.9"
            },
            "type": "library",
            "extra": {
                "branch-alias": {
                    "dev-master": "3.1-dev"
                }
            },
            "autoload": {
                "psr-4": {
                    "Symfony\\Component\\Filesystem\\": ""
                },
                "exclude-from-classmap": [
                    "/Tests/"
                ]
            },
            "notification-url": "https://packagist.org/downloads/",
            "license": [
                "MIT"
            ],
            "authors": [
                {
                    "name": "Fabien Potencier",
                    "email": "fabien@symfony.com"
                },
                {
                    "name": "Symfony Community",
                    "homepage": "https://symfony.com/contributors"
                }
            ],
            "description": "Symfony Filesystem Component",
            "homepage": "https://symfony.com",
            "time": "2016-06-29 05:41:56"
        },
        {
            "name": "symfony/polyfill-mbstring",
            "version": "v1.2.0",
            "source": {
                "type": "git",
                "url": "https://github.com/symfony/polyfill-mbstring.git",
                "reference": "dff51f72b0706335131b00a7f49606168c582594"
            },
            "dist": {
                "type": "zip",
                "url": "https://api.github.com/repos/symfony/polyfill-mbstring/zipball/dff51f72b0706335131b00a7f49606168c582594",
                "reference": "dff51f72b0706335131b00a7f49606168c582594",
                "shasum": ""
            },
            "require": {
                "php": ">=5.3.3"
            },
            "suggest": {
                "ext-mbstring": "For best performance"
            },
            "type": "library",
            "extra": {
                "branch-alias": {
                    "dev-master": "1.2-dev"
                }
            },
            "autoload": {
                "psr-4": {
                    "Symfony\\Polyfill\\Mbstring\\": ""
                },
                "files": [
                    "bootstrap.php"
                ]
            },
            "notification-url": "https://packagist.org/downloads/",
            "license": [
                "MIT"
            ],
            "authors": [
                {
                    "name": "Nicolas Grekas",
                    "email": "p@tchwork.com"
                },
                {
                    "name": "Symfony Community",
                    "homepage": "https://symfony.com/contributors"
                }
            ],
            "description": "Symfony polyfill for the Mbstring extension",
            "homepage": "https://symfony.com",
            "keywords": [
                "compatibility",
                "mbstring",
                "polyfill",
                "portable",
                "shim"
            ],
            "time": "2016-05-18 14:26:46"
        }
    ],
    "packages-dev": [],
    "aliases": [],
    "minimum-stability": "stable",
    "stability-flags": [],
    "prefer-stable": false,
    "prefer-lowest": false,
    "platform": {
        "php": "~7.0"
    },
    "platform-dev": []
}
