{
    "_readme": [
        "This file locks the dependencies of your project to a known state",
        "Read more about it at https://getcomposer.org/doc/01-basic-usage.md#composer-lock-the-lock-file",
        "This file is @generated automatically"
    ],
    "hash": "bfae034b219719187b8adc11fb08ae57",
    "content-hash": "7c3722433e432b31933e32bfbb172951",
    "packages": [
        {
            "name": "baptouuuu/expense-manager",
            "version": "dev-develop",
            "source": {
                "type": "git",
                "url": "https://github.com/Baptouuuu/ExpenseManager.git",
                "reference": "043f48176f6bd589ed07c4886db906d564119f14"
            },
            "dist": {
                "type": "zip",
                "url": "https://api.github.com/repos/Baptouuuu/ExpenseManager/zipball/043f48176f6bd589ed07c4886db906d564119f14",
                "reference": "043f48176f6bd589ed07c4886db906d564119f14",
                "shasum": ""
            },
            "require": {
                "innmind/event-bus": "^1.0",
                "innmind/immutable": "~1.9",
                "innmind/specification": "^1.0",
                "php": "~7.0"
            },
            "type": "project",
            "autoload": {
                "psr-4": {
                    "ExpenseManager\\": "src/",
                    "Tests\\ExpenseManager\\": "tests/"
                }
            },
            "notification-url": "https://packagist.org/downloads/",
            "license": [
                "MIT"
            ],
            "authors": [
                {
                    "name": "Baptiste Langlade",
                    "email": "langlade.baptiste@gmail.com"
                }
            ],
            "description": "Domain to handle personal expenses",
            "homepage": "http://github.com/Baptouuuu/ExpenseManager",
            "keywords": [
                "ddd",
                "expense",
                "manager"
            ],
            "time": "2016-07-17 12:49:40"
        },
        {
            "name": "innmind/event-bus",
            "version": "1.0.0",
            "source": {
                "type": "git",
                "url": "https://github.com/Innmind/EventBus.git",
                "reference": "91d471f0219db0015a2bbd2449e350ab597b03ea"
            },
            "dist": {
                "type": "zip",
                "url": "https://api.github.com/repos/Innmind/EventBus/zipball/91d471f0219db0015a2bbd2449e350ab597b03ea",
                "reference": "91d471f0219db0015a2bbd2449e350ab597b03ea",
                "shasum": ""
            },
            "require": {
                "innmind/immutable": "^1.8",
                "php": ">=7.0"
            },
            "type": "library",
            "autoload": {
                "psr-4": {
                    "Innmind\\EventBus\\": "src/",
                    "Tests\\Innmind\\EventBus\\": "src/"
                }
            },
            "notification-url": "https://packagist.org/downloads/",
            "license": [
                "MIT"
            ],
            "authors": [
                {
                    "name": "Baptiste Langlade",
                    "email": "langlade.baptiste@gmail.com"
                }
            ],
            "description": "Event dispatcher library",
            "homepage": "http://github.com/Innmind/EventBus",
            "keywords": [
                "dispatcher",
                "event"
            ],
            "time": "2016-06-18 14:20:24"
        },
        {
            "name": "innmind/filesystem",
            "version": "1.2.0",
            "target-dir": "Innmind/Filesystem",
            "source": {
                "type": "git",
                "url": "https://github.com/Innmind/Filesystem.git",
                "reference": "7b69bf87e5b05647e2ed17377f093b3a83b0fc6c"
            },
            "dist": {
                "type": "zip",
                "url": "https://api.github.com/repos/Innmind/Filesystem/zipball/7b69bf87e5b05647e2ed17377f093b3a83b0fc6c",
                "reference": "7b69bf87e5b05647e2ed17377f093b3a83b0fc6c",
                "shasum": ""
            },
            "require": {
                "innmind/event-bus": "^1.0",
                "innmind/immutable": "^1.5",
                "php": ">=7.0",
                "symfony/filesystem": "^3.0"
            },
            "type": "library",
            "autoload": {
                "psr-0": {
                    "Innmind\\Filesystem": ""
                }
            },
            "notification-url": "https://packagist.org/downloads/",
            "license": [
                "MIT"
            ],
            "authors": [
                {
                    "name": "Baptiste Langlade",
                    "email": "langlade.baptiste@gmail.com"
                }
            ],
            "description": "Filesystem abstraction layer",
            "homepage": "http://github.com/Innmind/filesystem",
            "keywords": [
                "filesystem"
            ],
            "time": "2016-06-18 15:51:57"
        },
        {
            "name": "innmind/immutable",
            "version": "1.9.0",
            "target-dir": "Innmind/Immutable",
            "source": {
                "type": "git",
                "url": "https://github.com/Innmind/Immutable.git",
                "reference": "023ec3e2ffaa16a6966588b25e1dd7de5679778f"
            },
            "dist": {
                "type": "zip",
                "url": "https://api.github.com/repos/Innmind/Immutable/zipball/023ec3e2ffaa16a6966588b25e1dd7de5679778f",
                "reference": "023ec3e2ffaa16a6966588b25e1dd7de5679778f",
                "shasum": ""
            },
            "require": {
                "php": "~7.0"
            },
            "type": "library",
            "autoload": {
                "psr-0": {
                    "Innmind\\Immutable": ""
                }
            },
            "notification-url": "https://packagist.org/downloads/",
            "license": [
                "MIT"
            ],
            "authors": [
                {
                    "name": "Baptiste Langlade",
                    "email": "langlade.baptiste@gmail.com"
                }
            ],
            "description": "Immutable PHP primitive wrappers",
            "homepage": "http://github.com/Innmind/Immutable",
            "keywords": [
                "immutable",
                "wrapper"
            ],
            "time": "2016-07-15 12:23:56"
        },
        {
            "name": "innmind/specification",
            "version": "1.0.0",
            "target-dir": "Innmind/Specification",
            "source": {
                "type": "git",
                "url": "https://github.com/Innmind/Specification.git",
                "reference": "fc38adfba1872513109b148eab77a088b27fc1a1"
            },
            "dist": {
                "type": "zip",
                "url": "https://api.github.com/repos/Innmind/Specification/zipball/fc38adfba1872513109b148eab77a088b27fc1a1",
                "reference": "fc38adfba1872513109b148eab77a088b27fc1a1",
                "shasum": ""
            },
            "require": {
                "php": ">=7.0"
            },
            "type": "library",
            "autoload": {
                "psr-0": {
                    "Innmind\\Specification": ""
                }
            },
            "notification-url": "https://packagist.org/downloads/",
            "license": [
                "MIT"
            ],
            "authors": [
                {
                    "name": "Baptiste Langlade",
                    "email": "langlade.baptiste@gmail.com"
                }
            ],
            "description": "Interfaces allowing to compose a tree of specifications",
            "homepage": "http://github.com/Innmind/Specification",
            "keywords": [
                "ddd",
                "specification"
            ],
            "time": "2016-03-19 15:43:59"
        },
        {
            "name": "paragonie/random_compat",
            "version": "v2.0.2",
            "source": {
                "type": "git",
                "url": "https://github.com/paragonie/random_compat.git",
                "reference": "088c04e2f261c33bed6ca5245491cfca69195ccf"
            },
            "dist": {
                "type": "zip",
                "url": "https://api.github.com/repos/paragonie/random_compat/zipball/088c04e2f261c33bed6ca5245491cfca69195ccf",
                "reference": "088c04e2f261c33bed6ca5245491cfca69195ccf",
                "shasum": ""
            },
            "require": {
                "php": ">=5.2.0"
            },
            "require-dev": {
                "phpunit/phpunit": "4.*|5.*"
            },
            "suggest": {
                "ext-libsodium": "Provides a modern crypto API that can be used to generate random bytes."
            },
            "type": "library",
            "autoload": {
                "files": [
                    "lib/random.php"
                ]
            },
            "notification-url": "https://packagist.org/downloads/",
            "license": [
                "MIT"
            ],
            "authors": [
                {
                    "name": "Paragon Initiative Enterprises",
                    "email": "security@paragonie.com",
                    "homepage": "https://paragonie.com"
                }
            ],
            "description": "PHP 5.x polyfill for random_bytes() and random_int() from PHP 7",
            "keywords": [
                "csprng",
                "pseudorandom",
                "random"
            ],
            "time": "2016-04-03 06:00:07"
        },
        {
            "name": "ramsey/uuid",
            "version": "3.4.1",
            "source": {
                "type": "git",
                "url": "https://github.com/ramsey/uuid.git",
                "reference": "b4fe3b7387cb323fd15ad5837cae992422c9fa5c"
            },
            "dist": {
                "type": "zip",
                "url": "https://api.github.com/repos/ramsey/uuid/zipball/b4fe3b7387cb323fd15ad5837cae992422c9fa5c",
                "reference": "b4fe3b7387cb323fd15ad5837cae992422c9fa5c",
                "shasum": ""
            },
            "require": {
                "paragonie/random_compat": "^1.0|^2.0",
                "php": ">=5.4"
            },
            "replace": {
                "rhumsaa/uuid": "self.version"
            },
            "require-dev": {
                "apigen/apigen": "^4.1",
                "codeception/aspect-mock": "1.0.0",
                "goaop/framework": "1.0.0-alpha.2",
                "ircmaxell/random-lib": "^1.1",
                "jakub-onderka/php-parallel-lint": "^0.9.0",
                "mockery/mockery": "^0.9.4",
                "moontoast/math": "^1.1",
                "phpunit/phpunit": "^4.7|^5.0",
                "satooshi/php-coveralls": "^0.6.1",
                "squizlabs/php_codesniffer": "^2.3"
            },
            "suggest": {
                "ext-libsodium": "Provides the PECL libsodium extension for use with the SodiumRandomGenerator",
                "ext-uuid": "Provides the PECL UUID extension for use with the PeclUuidTimeGenerator and PeclUuidRandomGenerator",
                "ircmaxell/random-lib": "Provides RandomLib for use with the RandomLibAdapter",
                "moontoast/math": "Provides support for converting UUID to 128-bit integer (in string form).",
                "ramsey/uuid-console": "A console application for generating UUIDs with ramsey/uuid",
                "ramsey/uuid-doctrine": "Allows the use of Ramsey\\Uuid\\Uuid as Doctrine field type."
            },
            "type": "library",
            "extra": {
                "branch-alias": {
                    "dev-master": "3.x-dev"
                }
            },
            "autoload": {
                "psr-4": {
                    "Ramsey\\Uuid\\": "src/"
                }
            },
            "notification-url": "https://packagist.org/downloads/",
            "license": [
                "MIT"
            ],
            "authors": [
                {
                    "name": "Marijn Huizendveld",
                    "email": "marijn.huizendveld@gmail.com"
                },
                {
                    "name": "Thibaud Fabre",
                    "email": "thibaud@aztech.io"
                },
                {
                    "name": "Ben Ramsey",
                    "email": "ben@benramsey.com",
                    "homepage": "https://benramsey.com"
                }
            ],
            "description": "Formerly rhumsaa/uuid. A PHP 5.4+ library for generating RFC 4122 version 1, 3, 4, and 5 universally unique identifiers (UUID).",
            "homepage": "https://github.com/ramsey/uuid",
            "keywords": [
                "guid",
                "identifier",
                "uuid"
            ],
            "time": "2016-04-24 00:30:41"
        },
        {
            "name": "symfony/console",
            "version": "v3.1.2",
            "source": {
                "type": "git",
                "url": "https://github.com/symfony/console.git",
                "reference": "747154aa69b0f83cd02fc9aa554836dee417631a"
            },
            "dist": {
                "type": "zip",
                "url": "https://api.github.com/repos/symfony/console/zipball/747154aa69b0f83cd02fc9aa554836dee417631a",
                "reference": "747154aa69b0f83cd02fc9aa554836dee417631a",
                "shasum": ""
            },
            "require": {
                "php": ">=5.5.9",
                "symfony/polyfill-mbstring": "~1.0"
            },
            "require-dev": {
                "psr/log": "~1.0",
                "symfony/event-dispatcher": "~2.8|~3.0",
                "symfony/process": "~2.8|~3.0"
            },
            "suggest": {
                "psr/log": "For using the console logger",
                "symfony/event-dispatcher": "",
                "symfony/process": ""
            },
            "type": "library",
            "extra": {
                "branch-alias": {
                    "dev-master": "3.1-dev"
                }
            },
            "autoload": {
                "psr-4": {
                    "Symfony\\Component\\Console\\": ""
                },
                "exclude-from-classmap": [
                    "/Tests/"
                ]
            },
            "notification-url": "https://packagist.org/downloads/",
            "license": [
                "MIT"
            ],
            "authors": [
                {
                    "name": "Fabien Potencier",
                    "email": "fabien@symfony.com"
                },
                {
                    "name": "Symfony Community",
                    "homepage": "https://symfony.com/contributors"
                }
            ],
            "description": "Symfony Console Component",
            "homepage": "https://symfony.com",
            "time": "2016-06-29 07:02:31"
        },
        {
            "name": "symfony/filesystem",
            "version": "v3.1.2",
            "source": {
                "type": "git",
                "url": "https://github.com/symfony/filesystem.git",
                "reference": "322da5f0910d8aa0b25fa65ffccaba68dbddb890"
            },
            "dist": {
                "type": "zip",
                "url": "https://api.github.com/repos/symfony/filesystem/zipball/322da5f0910d8aa0b25fa65ffccaba68dbddb890",
                "reference": "322da5f0910d8aa0b25fa65ffccaba68dbddb890",
                "shasum": ""
            },
            "require": {
                "php": ">=5.5.9"
            },
            "type": "library",
            "extra": {
                "branch-alias": {
                    "dev-master": "3.1-dev"
                }
            },
            "autoload": {
                "psr-4": {
                    "Symfony\\Component\\Filesystem\\": ""
                },
                "exclude-from-classmap": [
                    "/Tests/"
                ]
            },
            "notification-url": "https://packagist.org/downloads/",
            "license": [
                "MIT"
            ],
            "authors": [
                {
                    "name": "Fabien Potencier",
                    "email": "fabien@symfony.com"
                },
                {
                    "name": "Symfony Community",
                    "homepage": "https://symfony.com/contributors"
                }
            ],
            "description": "Symfony Filesystem Component",
            "homepage": "https://symfony.com",
            "time": "2016-06-29 05:41:56"
        },
        {
            "name": "symfony/polyfill-mbstring",
            "version": "v1.2.0",
            "source": {
                "type": "git",
                "url": "https://github.com/symfony/polyfill-mbstring.git",
                "reference": "dff51f72b0706335131b00a7f49606168c582594"
            },
            "dist": {
                "type": "zip",
                "url": "https://api.github.com/repos/symfony/polyfill-mbstring/zipball/dff51f72b0706335131b00a7f49606168c582594",
                "reference": "dff51f72b0706335131b00a7f49606168c582594",
                "shasum": ""
            },
            "require": {
                "php": ">=5.3.3"
            },
            "suggest": {
                "ext-mbstring": "For best performance"
            },
            "type": "library",
            "extra": {
                "branch-alias": {
                    "dev-master": "1.2-dev"
                }
            },
            "autoload": {
                "psr-4": {
                    "Symfony\\Polyfill\\Mbstring\\": ""
                },
                "files": [
                    "bootstrap.php"
                ]
            },
            "notification-url": "https://packagist.org/downloads/",
            "license": [
                "MIT"
            ],
            "authors": [
                {
                    "name": "Nicolas Grekas",
                    "email": "p@tchwork.com"
                },
                {
                    "name": "Symfony Community",
                    "homepage": "https://symfony.com/contributors"
                }
            ],
            "description": "Symfony polyfill for the Mbstring extension",
            "homepage": "https://symfony.com",
            "keywords": [
                "compatibility",
                "mbstring",
                "polyfill",
                "portable",
                "shim"
            ],
            "time": "2016-05-18 14:26:46"
        }
    ],
    "packages-dev": [],
    "aliases": [],
    "minimum-stability": "stable",
    "stability-flags": {
        "baptouuuu/expense-manager": 20
    },
    "prefer-stable": false,
    "prefer-lowest": false,
    "platform": {
        "php": "~7.0"
    },
    "platform-dev": []
}
